Microsoft Visual Studio Solution File, Format Version 12.00
# Visual Studio 16
Project("{2150E333-8FDC-42A3-9474-1A3956D46DE8}") = "CMakePredefinedTargets", "CMakePredefinedTargets", "{1A083029-6DD4-3869-9713-0D41F9A94867}"
EndProject
Project("{2150E333-8FDC-42A3-9474-1A3956D46DE8}") = "External", "External", "{F8873513-3179-3F33-ACE0-216BA5AE78F0}"
EndProject
Project("{2150E333-8FDC-42A3-9474-1A3956D46DE8}") = "Internal", "Internal", "{4477A608-5828-3892-B06B-0D2D91E8E81A}"
EndProject
Project("{2150E333-8FDC-42A3-9474-1A3956D46DE8}") = "Utils", "Utils", "{A72EDA13-95A2-3CB7-BBFF-6643CC363AA3}"
EndProject
Project("{8BC9CEB8-8B4A-11D0-8D11-00A0C91BC942}") = "ALL_BUILD", "ALL_BUILD.vcxproj", "{F14901C6-F7B1-3991-8EA9-D7326A5F125A}"
	ProjectSection(ProjectDependencies) = postProject
		{D8B13D13-38C5-3BDB-8C81-28F1CF69C51A} = {D8B13D13-38C5-3BDB-8C81-28F1CF69C51A}
		{A61852DD-387E-3E97-8BB5-AF495B844D9E} = {A61852DD-387E-3E97-8BB5-AF495B844D9E}
		{20EE2F67-02CE-328F-AFE6-33E9FFC7A1A7} = {20EE2F67-02CE-328F-AFE6-33E9FFC7A1A7}
		{41F9DEE0-CF53-3934-95CE-C1D115B4F537} = {41F9DEE0-CF53-3934-95CE-C1D115B4F537}
		{B07885BF-5DF5-3673-AC23-9079E95B6A1C} = {B07885BF-5DF5-3673-AC23-9079E95B6A1C}
		{28B5C52C-00CA-31AE-A631-42A555D9C0AF} = {28B5C52C-00CA-31AE-A631-42A555D9C0AF}
		{F6E40BEE-4878-3852-8DCC-3784F5C001B0} = {F6E40BEE-4878-3852-8DCC-3784F5C001B0}
		{83C18F09-198C-3CB2-AEE1-1BBAAF48E590} = {83C18F09-198C-3CB2-AEE1-1BBAAF48E590}
		{C240D02B-3574-352E-85E4-02BEF9969B62} = {C240D02B-3574-352E-85E4-02BEF9969B62}
		{C1B6902C-9CBE-3AAB-99DC-5A1D13659726} = {C1B6902C-9CBE-3AAB-99DC-5A1D13659726}
		{4B4D7AF7-2DC8-3A9C-AF01-28B12C65B5E0} = {4B4D7AF7-2DC8-3A9C-AF01-28B12C65B5E0}
		{04B1F229-13D8-339D-B77C-944C4A5FC9E7} = {04B1F229-13D8-339D-B77C-944C4A5FC9E7}
		{A7DAAC44-0537-35CE-B0AB-FD74AE852A99} = {A7DAAC44-0537-35CE-B0AB-FD74AE852A99}
		{83AB6167-0B78-3F1B-91B4-81E9ABC4B58D} = {83AB6167-0B78-3F1B-91B4-81E9ABC4B58D}
		{8C422C4E-7E6D-3B56-B757-8F461BF4BE6F} = {8C422C4E-7E6D-3B56-B757-8F461BF4BE6F}
	EndProjectSection
EndProject
Project("{8BC9CEB8-8B4A-11D0-8D11-00A0C91BC942}") = "PartyGame", "PartyGame.vcxproj", "{D8B13D13-38C5-3BDB-8C81-28F1CF69C51A}"
	ProjectSection(ProjectDependencies) = postProject
		{A61852DD-387E-3E97-8BB5-AF495B844D9E} = {A61852DD-387E-3E97-8BB5-AF495B844D9E}
		{20EE2F67-02CE-328F-AFE6-33E9FFC7A1A7} = {20EE2F67-02CE-328F-AFE6-33E9FFC7A1A7}
		{41F9DEE0-CF53-3934-95CE-C1D115B4F537} = {41F9DEE0-CF53-3934-95CE-C1D115B4F537}
		{B07885BF-5DF5-3673-AC23-9079E95B6A1C} = {B07885BF-5DF5-3673-AC23-9079E95B6A1C}
		{28B5C52C-00CA-31AE-A631-42A555D9C0AF} = {28B5C52C-00CA-31AE-A631-42A555D9C0AF}
		{F6E40BEE-4878-3852-8DCC-3784F5C001B0} = {F6E40BEE-4878-3852-8DCC-3784F5C001B0}
		{83C18F09-198C-3CB2-AEE1-1BBAAF48E590} = {83C18F09-198C-3CB2-AEE1-1BBAAF48E590}
		{C240D02B-3574-352E-85E4-02BEF9969B62} = {C240D02B-3574-352E-85E4-02BEF9969B62}
		{C1B6902C-9CBE-3AAB-99DC-5A1D13659726} = {C1B6902C-9CBE-3AAB-99DC-5A1D13659726}
		{4B4D7AF7-2DC8-3A9C-AF01-28B12C65B5E0} = {4B4D7AF7-2DC8-3A9C-AF01-28B12C65B5E0}
		{04B1F229-13D8-339D-B77C-944C4A5FC9E7} = {04B1F229-13D8-339D-B77C-944C4A5FC9E7}
		{A7DAAC44-0537-35CE-B0AB-FD74AE852A99} = {A7DAAC44-0537-35CE-B0AB-FD74AE852A99}
		{83AB6167-0B78-3F1B-91B4-81E9ABC4B58D} = {83AB6167-0B78-3F1B-91B4-81E9ABC4B58D}
		{8C422C4E-7E6D-3B56-B757-8F461BF4BE6F} = {8C422C4E-7E6D-3B56-B757-8F461BF4BE6F}
	EndProjectSection
EndProject
Project("{8BC9CEB8-8B4A-11D0-8D11-00A0C91BC942}") = "SYNC_RESOURCE-PartyGame", "SYNC_RESOURCE-PartyGame.vcxproj", "{A61852DD-387E-3E97-8BB5-AF495B844D9E}"
	ProjectSection(ProjectDependencies) = postProject
		{20EE2F67-02CE-328F-AFE6-33E9FFC7A1A7} = {20EE2F67-02CE-328F-AFE6-33E9FFC7A1A7}
	EndProjectSection
EndProject
Project("{8BC9CEB8-8B4A-11D0-8D11-00A0C91BC942}") = "ZERO_CHECK", "ZERO_CHECK.vcxproj", "{20EE2F67-02CE-328F-AFE6-33E9FFC7A1A7}"
	ProjectSection(ProjectDependencies) = postProject
	EndProjectSection
EndProject
Project("{8BC9CEB8-8B4A-11D0-8D11-00A0C91BC942}") = "cocos2d", "engine\cocos\core\cocos2d.vcxproj", "{41F9DEE0-CF53-3934-95CE-C1D115B4F537}"
	ProjectSection(ProjectDependencies) = postProject
		{20EE2F67-02CE-328F-AFE6-33E9FFC7A1A7} = {20EE2F67-02CE-328F-AFE6-33E9FFC7A1A7}
		{B07885BF-5DF5-3673-AC23-9079E95B6A1C} = {B07885BF-5DF5-3673-AC23-9079E95B6A1C}
		{28B5C52C-00CA-31AE-A631-42A555D9C0AF} = {28B5C52C-00CA-31AE-A631-42A555D9C0AF}
		{F6E40BEE-4878-3852-8DCC-3784F5C001B0} = {F6E40BEE-4878-3852-8DCC-3784F5C001B0}
		{83C18F09-198C-3CB2-AEE1-1BBAAF48E590} = {83C18F09-198C-3CB2-AEE1-1BBAAF48E590}
		{C240D02B-3574-352E-85E4-02BEF9969B62} = {C240D02B-3574-352E-85E4-02BEF9969B62}
		{C1B6902C-9CBE-3AAB-99DC-5A1D13659726} = {C1B6902C-9CBE-3AAB-99DC-5A1D13659726}
		{4B4D7AF7-2DC8-3A9C-AF01-28B12C65B5E0} = {4B4D7AF7-2DC8-3A9C-AF01-28B12C65B5E0}
		{04B1F229-13D8-339D-B77C-944C4A5FC9E7} = {04B1F229-13D8-339D-B77C-944C4A5FC9E7}
		{A7DAAC44-0537-35CE-B0AB-FD74AE852A99} = {A7DAAC44-0537-35CE-B0AB-FD74AE852A99}
		{83AB6167-0B78-3F1B-91B4-81E9ABC4B58D} = {83AB6167-0B78-3F1B-91B4-81E9ABC4B58D}
		{8C422C4E-7E6D-3B56-B757-8F461BF4BE6F} = {8C422C4E-7E6D-3B56-B757-8F461BF4BE6F}
	EndProjectSection
EndProject
Project("{8BC9CEB8-8B4A-11D0-8D11-00A0C91BC942}") = "ext_clipper", "engine\external\clipper\ext_clipper.vcxproj", "{B07885BF-5DF5-3673-AC23-9079E95B6A1C}"
	ProjectSection(ProjectDependencies) = postProject
		{20EE2F67-02CE-328F-AFE6-33E9FFC7A1A7} = {20EE2F67-02CE-328F-AFE6-33E9FFC7A1A7}
	EndProjectSection
EndProject
Project("{8BC9CEB8-8B4A-11D0-8D11-00A0C91BC942}") = "ext_convertUTF", "engine\external\ConvertUTF\ext_convertUTF.vcxproj", "{28B5C52C-00CA-31AE-A631-42A555D9C0AF}"
	ProjectSection(ProjectDependencies) = postProject
		{20EE2F67-02CE-328F-AFE6-33E9FFC7A1A7} = {20EE2F67-02CE-328F-AFE6-33E9FFC7A1A7}
	EndProjectSection
EndProject
Project("{8BC9CEB8-8B4A-11D0-8D11-00A0C91BC942}") = "ext_edtaa3func", "engine\external\edtaa3func\ext_edtaa3func.vcxproj", "{F6E40BEE-4878-3852-8DCC-3784F5C001B0}"
	ProjectSection(ProjectDependencies) = postProject
		{20EE2F67-02CE-328F-AFE6-33E9FFC7A1A7} = {20EE2F67-02CE-328F-AFE6-33E9FFC7A1A7}
	EndProjectSection
EndProject
Project("{8BC9CEB8-8B4A-11D0-8D11-00A0C91BC942}") = "ext_md5", "engine\external\md5\ext_md5.vcxproj", "{83C18F09-198C-3CB2-AEE1-1BBAAF48E590}"
	ProjectSection(ProjectDependencies) = postProject
		{20EE2F67-02CE-328F-AFE6-33E9FFC7A1A7} = {20EE2F67-02CE-328F-AFE6-33E9FFC7A1A7}
	EndProjectSection
EndProject
Project("{8BC9CEB8-8B4A-11D0-8D11-00A0C91BC942}") = "ext_poly2tri", "engine\external\poly2tri\ext_poly2tri.vcxproj", "{C240D02B-3574-352E-85E4-02BEF9969B62}"
	ProjectSection(ProjectDependencies) = postProject
		{20EE2F67-02CE-328F-AFE6-33E9FFC7A1A7} = {20EE2F67-02CE-328F-AFE6-33E9FFC7A1A7}
	EndProjectSection
EndProject
Project("{8BC9CEB8-8B4A-11D0-8D11-00A0C91BC942}") = "ext_recast", "engine\external\recast\ext_recast.vcxproj", "{C1B6902C-9CBE-3AAB-99DC-5A1D13659726}"
	ProjectSection(ProjectDependencies) = postProject
		{20EE2F67-02CE-328F-AFE6-33E9FFC7A1A7} = {20EE2F67-02CE-328F-AFE6-33E9FFC7A1A7}
	EndProjectSection
EndProject
Project("{8BC9CEB8-8B4A-11D0-8D11-00A0C91BC942}") = "ext_tinyxml2", "engine\external\tinyxml2\ext_tinyxml2.vcxproj", "{4B4D7AF7-2DC8-3A9C-AF01-28B12C65B5E0}"
	ProjectSection(ProjectDependencies) = postProject
		{20EE2F67-02CE-328F-AFE6-33E9FFC7A1A7} = {20EE2F67-02CE-328F-AFE6-33E9FFC7A1A7}
	EndProjectSection
EndProject
Project("{8BC9CEB8-8B4A-11D0-8D11-00A0C91BC942}") = "ext_unzip", "engine\external\unzip\ext_unzip.vcxproj", "{04B1F229-13D8-339D-B77C-944C4A5FC9E7}"
	ProjectSection(ProjectDependencies) = postProject
		{20EE2F67-02CE-328F-AFE6-33E9FFC7A1A7} = {20EE2F67-02CE-328F-AFE6-33E9FFC7A1A7}
	EndProjectSection
EndProject
Project("{8BC9CEB8-8B4A-11D0-8D11-00A0C91BC942}") = "ext_xxhash", "engine\external\xxhash\ext_xxhash.vcxproj", "{A7DAAC44-0537-35CE-B0AB-FD74AE852A99}"
	ProjectSection(ProjectDependencies) = postProject
		{20EE2F67-02CE-328F-AFE6-33E9FFC7A1A7} = {20EE2F67-02CE-328F-AFE6-33E9FFC7A1A7}
	EndProjectSection
EndProject
Project("{8BC9CEB8-8B4A-11D0-8D11-00A0C91BC942}") = "ext_xxtea", "engine\external\xxtea\ext_xxtea.vcxproj", "{83AB6167-0B78-3F1B-91B4-81E9ABC4B58D}"
	ProjectSection(ProjectDependencies) = postProject
		{20EE2F67-02CE-328F-AFE6-33E9FFC7A1A7} = {20EE2F67-02CE-328F-AFE6-33E9FFC7A1A7}
	EndProjectSection
EndProject
Project("{8BC9CEB8-8B4A-11D0-8D11-00A0C91BC942}") = "external", "engine\external\external.vcxproj", "{8C422C4E-7E6D-3B56-B757-8F461BF4BE6F}"
	ProjectSection(ProjectDependencies) = postProject
		{20EE2F67-02CE-328F-AFE6-33E9FFC7A1A7} = {20EE2F67-02CE-328F-AFE6-33E9FFC7A1A7}
		{B07885BF-5DF5-3673-AC23-9079E95B6A1C} = {B07885BF-5DF5-3673-AC23-9079E95B6A1C}
		{28B5C52C-00CA-31AE-A631-42A555D9C0AF} = {28B5C52C-00CA-31AE-A631-42A555D9C0AF}
		{F6E40BEE-4878-3852-8DCC-3784F5C001B0} = {F6E40BEE-4878-3852-8DCC-3784F5C001B0}
		{83C18F09-198C-3CB2-AEE1-1BBAAF48E590} = {83C18F09-198C-3CB2-AEE1-1BBAAF48E590}
		{C240D02B-3574-352E-85E4-02BEF9969B62} = {C240D02B-3574-352E-85E4-02BEF9969B62}
		{C1B6902C-9CBE-3AAB-99DC-5A1D13659726} = {C1B6902C-9CBE-3AAB-99DC-5A1D13659726}
		{4B4D7AF7-2DC8-3A9C-AF01-28B12C65B5E0} = {4B4D7AF7-2DC8-3A9C-AF01-28B12C65B5E0}
		{04B1F229-13D8-339D-B77C-944C4A5FC9E7} = {04B1F229-13D8-339D-B77C-944C4A5FC9E7}
		{A7DAAC44-0537-35CE-B0AB-FD74AE852A99} = {A7DAAC44-0537-35CE-B0AB-FD74AE852A99}
		{83AB6167-0B78-3F1B-91B4-81E9ABC4B58D} = {83AB6167-0B78-3F1B-91B4-81E9ABC4B58D}
	EndProjectSection
EndProject
Global
	GlobalSection(SolutionConfigurationPlatforms) = preSolution
		Debug|Win32 = Debug|Win32
		Release|Win32 = Release|Win32
		MinSizeRel|Win32 = MinSizeRel|Win32
		RelWithDebInfo|Win32 = RelWithDebInfo|Win32
	EndGlobalSection
	GlobalSection(ProjectConfigurationPlatforms) = postSolution
		{F14901C6-F7B1-3991-8EA9-D7326A5F125A}.Debug|Win32.ActiveCfg = Debug|Win32
		{F14901C6-F7B1-3991-8EA9-D7326A5F125A}.Release|Win32.ActiveCfg = Release|Win32
		{F14901C6-F7B1-3991-8EA9-D7326A5F125A}.MinSizeRel|Win32.ActiveCfg = MinSizeRel|Win32
		{F14901C6-F7B1-3991-8EA9-D7326A5F125A}.RelWithDebInfo|Win32.ActiveCfg = RelWithDebInfo|Win32
		{D8B13D13-38C5-3BDB-8C81-28F1CF69C51A}.Debug|Win32.ActiveCfg = Debug|Win32
		{D8B13D13-38C5-3BDB-8C81-28F1CF69C51A}.Debug|Win32.Build.0 = Debug|Win32
		{D8B13D13-38C5-3BDB-8C81-28F1CF69C51A}.Release|Win32.ActiveCfg = Release|Win32
		{D8B13D13-38C5-3BDB-8C81-28F1CF69C51A}.Release|Win32.Build.0 = Release|Win32
		{D8B13D13-38C5-3BDB-8C81-28F1CF69C51A}.MinSizeRel|Win32.ActiveCfg = MinSizeRel|Win32
		{D8B13D13-38C5-3BDB-8C81-28F1CF69C51A}.MinSizeRel|Win32.Build.0 = MinSizeRel|Win32
		{D8B13D13-38C5-3BDB-8C81-28F1CF69C51A}.RelWithDebInfo|Win32.ActiveCfg = RelWithDebInfo|Win32
		{D8B13D13-38C5-3BDB-8C81-28F1CF69C51A}.RelWithDebInfo|Win32.Build.0 = RelWithDebInfo|Win32
		{A61852DD-387E-3E97-8BB5-AF495B844D9E}.Debug|Win32.ActiveCfg = Debug|Win32
		{A61852DD-387E-3E97-8BB5-AF495B844D9E}.Debug|Win32.Build.0 = Debug|Win32
		{A61852DD-387E-3E97-8BB5-AF495B844D9E}.Release|Win32.ActiveCfg = Release|Win32
		{A61852DD-387E-3E97-8BB5-AF495B844D9E}.Release|Win32.Build.0 = Release|Win32
		{A61852DD-387E-3E97-8BB5-AF495B844D9E}.MinSizeRel|Win32.ActiveCfg = MinSizeRel|Win32
		{A61852DD-387E-3E97-8BB5-AF495B844D9E}.MinSizeRel|Win32.Build.0 = MinSizeRel|Win32
		{A61852DD-387E-3E97-8BB5-AF495B844D9E}.RelWithDebInfo|Win32.ActiveCfg = RelWithDebInfo|Win32
		{A61852DD-387E-3E97-8BB5-AF495B844D9E}.RelWithDebInfo|Win32.Build.0 = RelWithDebInfo|Win32
		{20EE2F67-02CE-328F-AFE6-33E9FFC7A1A7}.Debug|Win32.ActiveCfg = Debug|Win32
		{20EE2F67-02CE-328F-AFE6-33E9FFC7A1A7}.Debug|Win32.Build.0 = Debug|Win32
		{20EE2F67-02CE-328F-AFE6-33E9FFC7A1A7}.Release|Win32.ActiveCfg = Release|Win32
		{20EE2F67-02CE-328F-AFE6-33E9FFC7A1A7}.Release|Win32.Build.0 = Release|Win32
		{20EE2F67-02CE-328F-AFE6-33E9FFC7A1A7}.MinSizeRel|Win32.ActiveCfg = MinSizeRel|Win32
		{20EE2F67-02CE-328F-AFE6-33E9FFC7A1A7}.MinSizeRel|Win32.Build.0 = MinSizeRel|Win32
		{20EE2F67-02CE-328F-AFE6-33E9FFC7A1A7}.RelWithDebInfo|Win32.ActiveCfg = RelWithDebInfo|Win32
		{20EE2F67-02CE-328F-AFE6-33E9FFC7A1A7}.RelWithDebInfo|Win32.Build.0 = RelWithDebInfo|Win32
		{41F9DEE0-CF53-3934-95CE-C1D115B4F537}.Debug|Win32.ActiveCfg = Debug|Win32
		{41F9DEE0-CF53-3934-95CE-C1D115B4F537}.Debug|Win32.Build.0 = Debug|Win32
		{41F9DEE0-CF53-3934-95CE-C1D115B4F537}.Release|Win32.ActiveCfg = Release|Win32
		{41F9DEE0-CF53-3934-95CE-C1D115B4F537}.Release|Win32.Build.0 = Release|Win32
		{41F9DEE0-CF53-3934-95CE-C1D115B4F537}.MinSizeRel|Win32.ActiveCfg = MinSizeRel|Win32
		{41F9DEE0-CF53-3934-95CE-C1D115B4F537}.MinSizeRel|Win32.Build.0 = MinSizeRel|Win32
		{41F9DEE0-CF53-3934-95CE-C1D115B4F537}.RelWithDebInfo|Win32.ActiveCfg = RelWithDebInfo|Win32
		{41F9DEE0-CF53-3934-95CE-C1D115B4F537}.RelWithDebInfo|Win32.Build.0 = RelWithDebInfo|Win32
		{B07885BF-5DF5-3673-AC23-9079E95B6A1C}.Debug|Win32.ActiveCfg = Debug|Win32
		{B07885BF-5DF5-3673-AC23-9079E95B6A1C}.Debug|Win32.Build.0 = Debug|Win32
		{B07885BF-5DF5-3673-AC23-9079E95B6A1C}.Release|Win32.ActiveCfg = Release|Win32
		{B07885BF-5DF5-3673-AC23-9079E95B6A1C}.Release|Win32.Build.0 = Release|Win32
		{B07885BF-5DF5-3673-AC23-9079E95B6A1C}.MinSizeRel|Win32.ActiveCfg = MinSizeRel|Win32
		{B07885BF-5DF5-3673-AC23-9079E95B6A1C}.MinSizeRel|Win32.Build.0 = MinSizeRel|Win32
		{B07885BF-5DF5-3673-AC23-9079E95B6A1C}.RelWithDebInfo|Win32.ActiveCfg = RelWithDebInfo|Win32
		{B07885BF-5DF5-3673-AC23-9079E95B6A1C}.RelWithDebInfo|Win32.Build.0 = RelWithDebInfo|Win32
		{28B5C52C-00CA-31AE-A631-42A555D9C0AF}.Debug|Win32.ActiveCfg = Debug|Win32
		{28B5C52C-00CA-31AE-A631-42A555D9C0AF}.Debug|Win32.Build.0 = Debug|Win32
		{28B5C52C-00CA-31AE-A631-42A555D9C0AF}.Release|Win32.ActiveCfg = Release|Win32
		{28B5C52C-00CA-31AE-A631-42A555D9C0AF}.Release|Win32.Build.0 = Release|Win32
		{28B5C52C-00CA-31AE-A631-42A555D9C0AF}.MinSizeRel|Win32.ActiveCfg = MinSizeRel|Win32
		{28B5C52C-00CA-31AE-A631-42A555D9C0AF}.MinSizeRel|Win32.Build.0 = MinSizeRel|Win32
		{28B5C52C-00CA-31AE-A631-42A555D9C0AF}.RelWithDebInfo|Win32.ActiveCfg = RelWithDebInfo|Win32
		{28B5C52C-00CA-31AE-A631-42A555D9C0AF}.RelWithDebInfo|Win32.Build.0 = RelWithDebInfo|Win32
		{F6E40BEE-4878-3852-8DCC-3784F5C001B0}.Debug|Win32.ActiveCfg = Debug|Win32
		{F6E40BEE-4878-3852-8DCC-3784F5C001B0}.Debug|Win32.Build.0 = Debug|Win32
		{F6E40BEE-4878-3852-8DCC-3784F5C001B0}.Release|Win32.ActiveCfg = Release|Win32
		{F6E40BEE-4878-3852-8DCC-3784F5C001B0}.Release|Win32.Build.0 = Release|Win32
		{F6E40BEE-4878-3852-8DCC-3784F5C001B0}.MinSizeRel|Win32.ActiveCfg = MinSizeRel|Win32
		{F6E40BEE-4878-3852-8DCC-3784F5C001B0}.MinSizeRel|Win32.Build.0 = MinSizeRel|Win32
		{F6E40BEE-4878-3852-8DCC-3784F5C001B0}.RelWithDebInfo|Win32.ActiveCfg = RelWithDebInfo|Win32
		{F6E40BEE-4878-3852-8DCC-3784F5C001B0}.RelWithDebInfo|Win32.Build.0 = RelWithDebInfo|Win32
		{83C18F09-198C-3CB2-AEE1-1BBAAF48E590}.Debug|Win32.ActiveCfg = Debug|Win32
		{83C18F09-198C-3CB2-AEE1-1BBAAF48E590}.Debug|Win32.Build.0 = Debug|Win32
		{83C18F09-198C-3CB2-AEE1-1BBAAF48E590}.Release|Win32.ActiveCfg = Release|Win32
		{83C18F09-198C-3CB2-AEE1-1BBAAF48E590}.Release|Win32.Build.0 = Release|Win32
		{83C18F09-198C-3CB2-AEE1-1BBAAF48E590}.MinSizeRel|Win32.ActiveCfg = MinSizeRel|Win32
		{83C18F09-198C-3CB2-AEE1-1BBAAF48E590}.MinSizeRel|Win32.Build.0 = MinSizeRel|Win32
		{83C18F09-198C-3CB2-AEE1-1BBAAF48E590}.RelWithDebInfo|Win32.ActiveCfg = RelWithDebInfo|Win32
		{83C18F09-198C-3CB2-AEE1-1BBAAF48E590}.RelWithDebInfo|Win32.Build.0 = RelWithDebInfo|Win32
		{C240D02B-3574-352E-85E4-02BEF9969B62}.Debug|Win32.ActiveCfg = Debug|Win32
		{C240D02B-3574-352E-85E4-02BEF9969B62}.Debug|Win32.Build.0 = Debug|Win32
		{C240D02B-3574-352E-85E4-02BEF9969B62}.Release|Win32.ActiveCfg = Release|Win32
		{C240D02B-3574-352E-85E4-02BEF9969B62}.Release|Win32.Build.0 = Release|Win32
		{C240D02B-3574-352E-85E4-02BEF9969B62}.MinSizeRel|Win32.ActiveCfg = MinSizeRel|Win32
		{C240D02B-3574-352E-85E4-02BEF9969B62}.MinSizeRel|Win32.Build.0 = MinSizeRel|Win32
		{C240D02B-3574-352E-85E4-02BEF9969B62}.RelWithDebInfo|Win32.ActiveCfg = RelWithDebInfo|Win32
		{C240D02B-3574-352E-85E4-02BEF9969B62}.RelWithDebInfo|Win32.Build.0 = RelWithDebInfo|Win32
		{C1B6902C-9CBE-3AAB-99DC-5A1D13659726}.Debug|Win32.ActiveCfg = Debug|Win32
		{C1B6902C-9CBE-3AAB-99DC-5A1D13659726}.Debug|Win32.Build.0 = Debug|Win32
		{C1B6902C-9CBE-3AAB-99DC-5A1D13659726}.Release|Win32.ActiveCfg = Release|Win32
		{C1B6902C-9CBE-3AAB-99DC-5A1D13659726}.Release|Win32.Build.0 = Release|Win32
		{C1B6902C-9CBE-3AAB-99DC-5A1D13659726}.MinSizeRel|Win32.ActiveCfg = MinSizeRel|Win32
		{C1B6902C-9CBE-3AAB-99DC-5A1D13659726}.MinSizeRel|Win32.Build.0 = MinSizeRel|Win32
		{C1B6902C-9CBE-3AAB-99DC-5A1D13659726}.RelWithDebInfo|Win32.ActiveCfg = RelWithDebInfo|Win32
		{C1B6902C-9CBE-3AAB-99DC-5A1D13659726}.RelWithDebInfo|Win32.Build.0 = RelWithDebInfo|Win32
		{4B4D7AF7-2DC8-3A9C-AF01-28B12C65B5E0}.Debug|Win32.ActiveCfg = Debug|Win32
		{4B4D7AF7-2DC8-3A9C-AF01-28B12C65B5E0}.Debug|Win32.Build.0 = Debug|Win32
		{4B4D7AF7-2DC8-3A9C-AF01-28B12C65B5E0}.Release|Win32.ActiveCfg = Release|Win32
		{4B4D7AF7-2DC8-3A9C-AF01-28B12C65B5E0}.Release|Win32.Build.0 = Release|Win32
		{4B4D7AF7-2DC8-3A9C-AF01-28B12C65B5E0}.MinSizeRel|Win32.ActiveCfg = MinSizeRel|Win32
		{4B4D7AF7-2DC8-3A9C-AF01-28B12C65B5E0}.MinSizeRel|Win32.Build.0 = MinSizeRel|Win32
		{4B4D7AF7-2DC8-3A9C-AF01-28B12C65B5E0}.RelWithDebInfo|Win32.ActiveCfg = RelWithDebInfo|Win32
		{4B4D7AF7-2DC8-3A9C-AF01-28B12C65B5E0}.RelWithDebInfo|Win32.Build.0 = RelWithDebInfo|Win32
		{04B1F229-13D8-339D-B77C-944C4A5FC9E7}.Debug|Win32.ActiveCfg = Debug|Win32
		{04B1F229-13D8-339D-B77C-944C4A5FC9E7}.Debug|Win32.Build.0 = Debug|Win32
		{04B1F229-13D8-339D-B77C-944C4A5FC9E7}.Release|Win32.ActiveCfg = Release|Win32
		{04B1F229-13D8-339D-B77C-944C4A5FC9E7}.Release|Win32.Build.0 = Release|Win32
		{04B1F229-13D8-339D-B77C-944C4A5FC9E7}.MinSizeRel|Win32.ActiveCfg = MinSizeRel|Win32
		{04B1F229-13D8-339D-B77C-944C4A5FC9E7}.MinSizeRel|Win32.Build.0 = MinSizeRel|Win32
		{04B1F229-13D8-339D-B77C-944C4A5FC9E7}.RelWithDebInfo|Win32.ActiveCfg = RelWithDebInfo|Win32
		{04B1F229-13D8-339D-B77C-944C4A5FC9E7}.RelWithDebInfo|Win32.Build.0 = RelWithDebInfo|Win32
		{A7DAAC44-0537-35CE-B0AB-FD74AE852A99}.Debug|Win32.ActiveCfg = Debug|Win32
		{A7DAAC44-0537-35CE-B0AB-FD74AE852A99}.Debug|Win32.Build.0 = Debug|Win32
		{A7DAAC44-0537-35CE-B0AB-FD74AE852A99}.Release|Win32.ActiveCfg = Release|Win32
		{A7DAAC44-0537-35CE-B0AB-FD74AE852A99}.Release|Win32.Build.0 = Release|Win32
		{A7DAAC44-0537-35CE-B0AB-FD74AE852A99}.MinSizeRel|Win32.ActiveCfg = MinSizeRel|Win32
		{A7DAAC44-0537-35CE-B0AB-FD74AE852A99}.MinSizeRel|Win32.Build.0 = MinSizeRel|Win32
		{A7DAAC44-0537-35CE-B0AB-FD74AE852A99}.RelWithDebInfo|Win32.ActiveCfg = RelWithDebInfo|Win32
		{A7DAAC44-0537-35CE-B0AB-FD74AE852A99}.RelWithDebInfo|Win32.Build.0 = RelWithDebInfo|Win32
		{83AB6167-0B78-3F1B-91B4-81E9ABC4B58D}.Debug|Win32.ActiveCfg = Debug|Win32
		{83AB6167-0B78-3F1B-91B4-81E9ABC4B58D}.Debug|Win32.Build.0 = Debug|Win32
		{83AB6167-0B78-3F1B-91B4-81E9ABC4B58D}.Release|Win32.ActiveCfg = Release|Win32
		{83AB6167-0B78-3F1B-91B4-81E9ABC4B58D}.Release|Win32.Build.0 = Release|Win32
		{83AB6167-0B78-3F1B-91B4-81E9ABC4B58D}.MinSizeRel|Win32.ActiveCfg = MinSizeRel|Win32
		{83AB6167-0B78-3F1B-91B4-81E9ABC4B58D}.MinSizeRel|Win32.Build.0 = MinSizeRel|Win32
		{83AB6167-0B78-3F1B-91B4-81E9ABC4B58D}.RelWithDebInfo|Win32.ActiveCfg = RelWithDebInfo|Win32
		{83AB6167-0B78-3F1B-91B4-81E9ABC4B58D}.RelWithDebInfo|Win32.Build.0 = RelWithDebInfo|Win32
		{8C422C4E-7E6D-3B56-B757-8F461BF4BE6F}.Debug|Win32.ActiveCfg = Debug|Win32
		{8C422C4E-7E6D-3B56-B757-8F461BF4BE6F}.Debug|Win32.Build.0 = Debug|Win32
		{8C422C4E-7E6D-3B56-B757-8F461BF4BE6F}.Release|Win32.ActiveCfg = Release|Win32
		{8C422C4E-7E6D-3B56-B757-8F461BF4BE6F}.Release|Win32.Build.0 = Release|Win32
		{8C422C4E-7E6D-3B56-B757-8F461BF4BE6F}.MinSizeRel|Win32.ActiveCfg = MinSizeRel|Win32
		{8C422C4E-7E6D-3B56-B757-8F461BF4BE6F}.MinSizeRel|Win32.Build.0 = MinSizeRel|Win32
		{8C422C4E-7E6D-3B56-B757-8F461BF4BE6F}.RelWithDebInfo|Win32.ActiveCfg = RelWithDebInfo|Win32
		{8C422C4E-7E6D-3B56-B757-8F461BF4BE6F}.RelWithDebInfo|Win32.Build.0 = RelWithDebInfo|Win32
	EndGlobalSection
	GlobalSection(NestedProjects) = preSolution
		{F14901C6-F7B1-3991-8EA9-D7326A5F125A} = {1A083029-6DD4-3869-9713-0D41F9A94867}
		{20EE2F67-02CE-328F-AFE6-33E9FFC7A1A7} = {1A083029-6DD4-3869-9713-0D41F9A94867}
		{B07885BF-5DF5-3673-AC23-9079E95B6A1C} = {F8873513-3179-3F33-ACE0-216BA5AE78F0}
		{28B5C52C-00CA-31AE-A631-42A555D9C0AF} = {F8873513-3179-3F33-ACE0-216BA5AE78F0}
		{F6E40BEE-4878-3852-8DCC-3784F5C001B0} = {F8873513-3179-3F33-ACE0-216BA5AE78F0}
		{83C18F09-198C-3CB2-AEE1-1BBAAF48E590} = {F8873513-3179-3F33-ACE0-216BA5AE78F0}
		{C240D02B-3574-352E-85E4-02BEF9969B62} = {F8873513-3179-3F33-ACE0-216BA5AE78F0}
		{C1B6902C-9CBE-3AAB-99DC-5A1D13659726} = {F8873513-3179-3F33-ACE0-216BA5AE78F0}
		{4B4D7AF7-2DC8-3A9C-AF01-28B12C65B5E0} = {F8873513-3179-3F33-ACE0-216BA5AE78F0}
		{04B1F229-13D8-339D-B77C-944C4A5FC9E7} = {F8873513-3179-3F33-ACE0-216BA5AE78F0}
		{A7DAAC44-0537-35CE-B0AB-FD74AE852A99} = {F8873513-3179-3F33-ACE0-216BA5AE78F0}
		{83AB6167-0B78-3F1B-91B4-81E9ABC4B58D} = {F8873513-3179-3F33-ACE0-216BA5AE78F0}
		{8C422C4E-7E6D-3B56-B757-8F461BF4BE6F} = {F8873513-3179-3F33-ACE0-216BA5AE78F0}
		{41F9DEE0-CF53-3934-95CE-C1D115B4F537} = {4477A608-5828-3892-B06B-0D2D91E8E81A}
		{A61852DD-387E-3E97-8BB5-AF495B844D9E} = {A72EDA13-95A2-3CB7-BBFF-6643CC363AA3}
	EndGlobalSection
	GlobalSection(ExtensibilityGlobals) = postSolution
		SolutionGuid = {2C5A634A-3F76-3091-AC6F-128BA6194D13}
	EndGlobalSection
	GlobalSection(ExtensibilityAddIns) = postSolution
	EndGlobalSection
EndGlobal
